
Microsoft Visual Studio Solution File, Format Version 12.00
# Visual Studio 15
VisualStudioVersion = 15.0.28010.2046
MinimumVisualStudioVersion = 10.0.40219.1
Project("{FAE04EC0-301F-11D3-BF4B-00C04F79EFBC}") = "HouseFinderUI", "HouseFinderUI.csproj", "{D656AC7C-E2DC-459B-98B9-53DEED676F26}"
EndProject
Global
	GlobalSection(SolutionConfigurationPlatforms) = preSolution
		Debug|Any CPU = Debug|Any CPU
		Release|Any CPU = Release|Any CPU
	EndGlobalSection
	GlobalSection(ProjectConfigurationPlatforms) = postSolution
		{D656AC7C-E2DC-459B-98B9-53DEED676F26}.Debug|Any CPU.ActiveCfg = Debug|Any CPU
		{D656AC7C-E2DC-459B-98B9-53DEED676F26}.Debug|Any CPU.Build.0 = Debug|Any CPU
		{D656AC7C-E2DC-459B-98B9-53DEED676F26}.Release|Any CPU.ActiveCfg = Release|Any CPU
		{D656AC7C-E2DC-459B-98B9-53DEED676F26}.Release|Any CPU.Build.0 = Release|Any CPU
	EndGlobalSection
	GlobalSection(SolutionProperties) = preSolution
		HideSolutionNode = FALSE
	EndGlobalSection
	GlobalSection(ExtensibilityGlobals) = postSolution
		SolutionGuid = {68EFC632-0846-4B19-B947-3552B76ED4C0}
	EndGlobalSection
EndGlobal
